
Microsoft Visual Studio Solution File, Format Version 12.00
# Visual Studio Version 16
VisualStudioVersion = 16.0.31729.503
MinimumVisualStudioVersion = 10.0.40219.1
Project("{FAE04EC0-301F-11D3-BF4B-00C04F79EFBC}") = "QR Code Generator", "QR Code Generator\QR Code Generator.csproj", "{28173BA4-0EE4-417C-ACE6-911969EB38EC}"
EndProject
Global
	GlobalSection(SolutionConfigurationPlatforms) = preSolution
		Debug|Any CPU = Debug|Any CPU
		Release|Any CPU = Release|Any CPU
	EndGlobalSection
	GlobalSection(ProjectConfigurationPlatforms) = postSolution
		{28173BA4-0EE4-417C-ACE6-911969EB38EC}.Debug|Any CPU.ActiveCfg = Debug|Any CPU
		{28173BA4-0EE4-417C-ACE6-911969EB38EC}.Debug|Any CPU.Build.0 = Debug|Any CPU
		{28173BA4-0EE4-417C-ACE6-911969EB38EC}.Release|Any CPU.ActiveCfg = Release|Any CPU
		{28173BA4-0EE4-417C-ACE6-911969EB38EC}.Release|Any CPU.Build.0 = Release|Any CPU
	EndGlobalSection
	GlobalSection(SolutionProperties) = preSolution
		HideSolutionNode = FALSE
	EndGlobalSection
	GlobalSection(ExtensibilityGlobals) = postSolution
		SolutionGuid = {63A67211-DA56-4827-9A36-658139033271}
	EndGlobalSection
EndGlobal
